
Microsoft Visual Studio Solution File, Format Version 12.00
# Visual Studio Version 16
VisualStudioVersion = 16.0.30523.141
MinimumVisualStudioVersion = 10.0.40219.1
Project("{FAE04EC0-301F-11D3-BF4B-00C04F79EFBC}") = "NeuralNetwork", "NeuralNetwork\NeuralNetwork.csproj", "{C6B521C2-4A6E-410F-A7FE-0C128CB1CAF2}"
EndProject
Project("{9A19103F-16F7-4668-BE54-9A1E7A4F7556}") = "MnistToBmp", "MnistToBmp\MnistToBmp.csproj", "{921A089C-F7DC-483D-90DA-1CAF6AAD28A9}"
EndProject
Project("{FAE04EC0-301F-11D3-BF4B-00C04F79EFBC}") = "MachineLearning", "MachineLearning\MachineLearning.csproj", "{034BCC41-1CB0-498E-BCAA-EACB006D3993}"
EndProject
Project("{FAE04EC0-301F-11D3-BF4B-00C04F79EFBC}") = "WpfLibrary", "WpfLibrary\WpfLibrary.csproj", "{5B6C9C62-548A-455C-8583-1CAFC0E3C008}"
EndProject
Global
	GlobalSection(SolutionConfigurationPlatforms) = preSolution
		Debug|Any CPU = Debug|Any CPU
		Release|Any CPU = Release|Any CPU
	EndGlobalSection
	GlobalSection(ProjectConfigurationPlatforms) = postSolution
		{C6B521C2-4A6E-410F-A7FE-0C128CB1CAF2}.Debug|Any CPU.ActiveCfg = Debug|Any CPU
		{C6B521C2-4A6E-410F-A7FE-0C128CB1CAF2}.Debug|Any CPU.Build.0 = Debug|Any CPU
		{C6B521C2-4A6E-410F-A7FE-0C128CB1CAF2}.Release|Any CPU.ActiveCfg = Release|Any CPU
		{C6B521C2-4A6E-410F-A7FE-0C128CB1CAF2}.Release|Any CPU.Build.0 = Release|Any CPU
		{921A089C-F7DC-483D-90DA-1CAF6AAD28A9}.Debug|Any CPU.ActiveCfg = Debug|Any CPU
		{921A089C-F7DC-483D-90DA-1CAF6AAD28A9}.Debug|Any CPU.Build.0 = Debug|Any CPU
		{921A089C-F7DC-483D-90DA-1CAF6AAD28A9}.Release|Any CPU.ActiveCfg = Release|Any CPU
		{921A089C-F7DC-483D-90DA-1CAF6AAD28A9}.Release|Any CPU.Build.0 = Release|Any CPU
		{034BCC41-1CB0-498E-BCAA-EACB006D3993}.Debug|Any CPU.ActiveCfg = Debug|Any CPU
		{034BCC41-1CB0-498E-BCAA-EACB006D3993}.Debug|Any CPU.Build.0 = Debug|Any CPU
		{034BCC41-1CB0-498E-BCAA-EACB006D3993}.Release|Any CPU.ActiveCfg = Release|Any CPU
		{034BCC41-1CB0-498E-BCAA-EACB006D3993}.Release|Any CPU.Build.0 = Release|Any CPU
		{5B6C9C62-548A-455C-8583-1CAFC0E3C008}.Debug|Any CPU.ActiveCfg = Debug|Any CPU
		{5B6C9C62-548A-455C-8583-1CAFC0E3C008}.Debug|Any CPU.Build.0 = Debug|Any CPU
		{5B6C9C62-548A-455C-8583-1CAFC0E3C008}.Release|Any CPU.ActiveCfg = Release|Any CPU
		{5B6C9C62-548A-455C-8583-1CAFC0E3C008}.Release|Any CPU.Build.0 = Release|Any CPU
	EndGlobalSection
	GlobalSection(SolutionProperties) = preSolution
		HideSolutionNode = FALSE
	EndGlobalSection
	GlobalSection(ExtensibilityGlobals) = postSolution
		SolutionGuid = {C01D3B1E-0B6D-4155-AEF1-6E0F024C1CDA}
	EndGlobalSection
EndGlobal
